# THIS IS AN AUTOGENERATED FILE. DO NOT EDIT THIS FILE DIRECTLY.
# yarn lockfile v1


"@types/aws-lambda@^8.10.77":
  version "8.10.77"
  resolved "https://registry.yarnpkg.com/@types/aws-lambda/-/aws-lambda-8.10.77.tgz#04c4e3a06ab5552f2fa80816f8adca54b6bb9671"
  integrity sha512-n0EMFJU/7u3KvHrR83l/zrKOVURXl5pUJPNED/Bzjah89QKCHwCiKCBoVUXRwTGRfCYGIDdinJaAlKDHZdp/Ng==

typescript@^4.3.4:
  version "4.3.4"
  resolved "https://registry.yarnpkg.com/typescript/-/typescript-4.3.4.tgz#3f85b986945bcf31071decdd96cf8bfa65f9dcbc"
  integrity sha512-uauPG7XZn9F/mo+7MrsRjyvbxFpzemRjKEZXS4AK83oP2KKOJPvb+9cO/gmnv8arWZvhnjVOXz7B49m1l0e9Ew==
